// !$*UTF8*$!
{
	archiveVersion = 1;
	classes = {
	};
	objectVersion = 46;
	objects = {

/* Begin PBXBuildFile section */
		5DAF90011AF403640068C264 /* AppDelegate.swift in Sources */ = {isa = PBXBuildFile; fileRef = 5DAF90001AF403640068C264 /* AppDelegate.swift */; };
		5DAF90031AF403640068C264 /* MasterViewController.swift in Sources */ = {isa = PBXBuildFile; fileRef = 5DAF90021AF403640068C264 /* MasterViewController.swift */; };
		5DAF90051AF403640068C264 /* DetailViewController.swift in Sources */ = {isa = PBXBuildFile; fileRef = 5DAF90041AF403640068C264 /* DetailViewController.swift */; };
		5DAF90081AF403640068C264 /* Main.storyboard in Resources */ = {isa = PBXBuildFile; fileRef = 5DAF90061AF403640068C264 /* Main.storyboard */; };
		5DAF900A1AF403640068C264 /* Images.xcassets in Resources */ = {isa = PBXBuildFile; fileRef = 5DAF90091AF403640068C264 /* Images.xcassets */; };
		5DAF900D1AF403640068C264 /* LaunchScreen.xib in Resources */ = {isa = PBXBuildFile; fileRef = 5DAF900B1AF403640068C264 /* LaunchScreen.xib */; };
		5DAF90191AF403640068C264 /* inappragedemoTests.swift in Sources */ = {isa = PBXBuildFile; fileRef = 5DAF90181AF403640068C264 /* inappragedemoTests.swift */; };
		5DAF90231AF42D0E0068C264 /* IAPHelper.swift in Sources */ = {isa = PBXBuildFile; fileRef = 5DAF90221AF42D0E0068C264 /* IAPHelper.swift */; };
		5DAF90251AF43B930068C264 /* RageProducts.swift in Sources */ = {isa = PBXBuildFile; fileRef = 5DAF90241AF43B930068C264 /* RageProducts.swift */; };
		5DAF902B1AF47CB90068C264 /* nightlyrage.png in Resources */ = {isa = PBXBuildFile; fileRef = 5DAF90261AF47CB90068C264 /* nightlyrage.png */; };
		5DAF902C1AF47CB90068C264 /* girlfriendofdrummer.png in Resources */ = {isa = PBXBuildFile; fileRef = 5DAF90271AF47CB90068C264 /* girlfriendofdrummer.png */; };
		5DAF902D1AF47CB90068C264 /* iphonerage.png in Resources */ = {isa = PBXBuildFile; fileRef = 5DAF90281AF47CB90068C264 /* iphonerage.png */; };
		5DAF902F1AF47CB90068C264 /* updog.png in Resources */ = {isa = PBXBuildFile; fileRef = 5DAF902A1AF47CB90068C264 /* updog.png */; };
/* End PBXBuildFile section */

/* Begin PBXContainerItemProxy section */
		5DAF90131AF403640068C264 /* PBXContainerItemProxy */ = {
			isa = PBXContainerItemProxy;
			containerPortal = 5DAF8FF31AF403640068C264 /* Project object */;
			proxyType = 1;
			remoteGlobalIDString = 5DAF8FFA1AF403640068C264;
			remoteInfo = inappragedemo;
		};
/* End PBXContainerItemProxy section */

/* Begin PBXFileReference section */
		5DAF8FFB1AF403640068C264 /* inappragedemo.app */ = {isa = PBXFileReference; explicitFileType = wrapper.application; includeInIndex = 0; path = inappragedemo.app; sourceTree = BUILT_PRODUCTS_DIR; };
		5DAF8FFF1AF403640068C264 /* Info.plist */ = {isa = PBXFileReference; lastKnownFileType = text.plist.xml; path = Info.plist; sourceTree = "<group>"; };
		5DAF90001AF403640068C264 /* AppDelegate.swift */ = {isa = PBXFileReference; lastKnownFileType = sourcecode.swift; path = AppDelegate.swift; sourceTree = "<group>"; };
		5DAF90021AF403640068C264 /* MasterViewController.swift */ = {isa = PBXFileReference; lastKnownFileType = sourcecode.swift; path = MasterViewController.swift; sourceTree = "<group>"; };
		5DAF90041AF403640068C264 /* DetailViewController.swift */ = {isa = PBXFileReference; lastKnownFileType = sourcecode.swift; path = DetailViewController.swift; sourceTree = "<group>"; };
		5DAF90071AF403640068C264 /* Base */ = {isa = PBXFileReference; lastKnownFileType = file.storyboard; name = Base; path = Base.lproj/Main.storyboard; sourceTree = "<group>"; };
		5DAF90091AF403640068C264 /* Images.xcassets */ = {isa = PBXFileReference; lastKnownFileType = folder.assetcatalog; path = Images.xcassets; sourceTree = "<group>"; };
		5DAF900C1AF403640068C264 /* Base */ = {isa = PBXFileReference; lastKnownFileType = file.xib; name = Base; path = Base.lproj/LaunchScreen.xib; sourceTree = "<group>"; };
		5DAF90121AF403640068C264 /* inappragedemoTests.xctest */ = {isa = PBXFileReference; explicitFileType = wrapper.cfbundle; includeInIndex = 0; path = inappragedemoTests.xctest; sourceTree = BUILT_PRODUCTS_DIR; };
		5DAF90171AF403640068C264 /* Info.plist */ = {isa = PBXFileReference; lastKnownFileType = text.plist.xml; path = Info.plist; sourceTree = "<group>"; };
		5DAF90181AF403640068C264 /* inappragedemoTests.swift */ = {isa = PBXFileReference; lastKnownFileType = sourcecode.swift; path = inappragedemoTests.swift; sourceTree = "<group>"; };
		5DAF90221AF42D0E0068C264 /* IAPHelper.swift */ = {isa = PBXFileReference; fileEncoding = 4; lastKnownFileType = sourcecode.swift; path = IAPHelper.swift; sourceTree = "<group>"; };
		5DAF90241AF43B930068C264 /* RageProducts.swift */ = {isa = PBXFileReference; fileEncoding = 4; lastKnownFileType = sourcecode.swift; path = RageProducts.swift; sourceTree = "<group>"; };
		5DAF90261AF47CB90068C264 /* nightlyrage.png */ = {isa = PBXFileReference; lastKnownFileType = image.png; path = nightlyrage.png; sourceTree = "<group>"; };
		5DAF90271AF47CB90068C264 /* girlfriendofdrummer.png */ = {isa = PBXFileReference; lastKnownFileType = image.png; path = girlfriendofdrummer.png; sourceTree = "<group>"; };
		5DAF90281AF47CB90068C264 /* iphonerage.png */ = {isa = PBXFileReference; lastKnownFileType = image.png; path = iphonerage.png; sourceTree = "<group>"; };
		5DAF902A1AF47CB90068C264 /* updog.png */ = {isa = PBXFileReference; lastKnownFileType = image.png; path = updog.png; sourceTree = "<group>"; };
/* End PBXFileReference section */

/* Begin PBXFrameworksBuildPhase section */
		5DAF8FF81AF403640068C264 /* Frameworks */ = {
			isa = PBXFrameworksBuildPhase;
			buildActionMask = 2147483647;
			files = (
			);
			runOnlyForDeploymentPostprocessing = 0;
		};
		5DAF900F1AF403640068C264 /* Frameworks */ = {
			isa = PBXFrameworksBuildPhase;
			buildActionMask = 2147483647;
			files = (
			);
			runOnlyForDeploymentPostprocessing = 0;
		};
/* End PBXFrameworksBuildPhase section */

/* Begin PBXGroup section */
		5DAF8FF21AF403640068C264 = {
			isa = PBXGroup;
			children = (
				5DAF8FFD1AF403640068C264 /* inappragedemo */,
				5DAF90151AF403640068C264 /* inappragedemoTests */,
				5DAF8FFC1AF403640068C264 /* Products */,
			);
			sourceTree = "<group>";
		};
		5DAF8FFC1AF403640068C264 /* Products */ = {
			isa = PBXGroup;
			children = (
				5DAF8FFB1AF403640068C264 /* inappragedemo.app */,
				5DAF90121AF403640068C264 /* inappragedemoTests.xctest */,
			);
			name = Products;
			sourceTree = "<group>";
		};
		5DAF8FFD1AF403640068C264 /* inappragedemo */ = {
			isa = PBXGroup;
			children = (
				5DAF90001AF403640068C264 /* AppDelegate.swift */,
				5DAF90021AF403640068C264 /* MasterViewController.swift */,
				5DAF90041AF403640068C264 /* DetailViewController.swift */,
				5DAF90221AF42D0E0068C264 /* IAPHelper.swift */,
				5DAF90241AF43B930068C264 /* RageProducts.swift */,
				5DAF90061AF403640068C264 /* Main.storyboard */,
				5DAF90091AF403640068C264 /* Images.xcassets */,
				5DAF900B1AF403640068C264 /* LaunchScreen.xib */,
				5DAF8FFE1AF403640068C264 /* Supporting Files */,
			);
			path = inappragedemo;
			sourceTree = "<group>";
		};
		5DAF8FFE1AF403640068C264 /* Supporting Files */ = {
			isa = PBXGroup;
			children = (
				5DAF90261AF47CB90068C264 /* nightlyrage.png */,
				5DAF90271AF47CB90068C264 /* girlfriendofdrummer.png */,
				5DAF90281AF47CB90068C264 /* iphonerage.png */,
				5DAF902A1AF47CB90068C264 /* updog.png */,
				5DAF8FFF1AF403640068C264 /* Info.plist */,
			);
			name = "Supporting Files";
			sourceTree = "<group>";
		};
		5DAF90151AF403640068C264 /* inappragedemoTests */ = {
			isa = PBXGroup;
			children = (
				5DAF90181AF403640068C264 /* inappragedemoTests.swift */,
				5DAF90161AF403640068C264 /* Supporting Files */,
			);
			path = inappragedemoTests;
			sourceTree = "<group>";
		};
		5DAF90161AF403640068C264 /* Supporting Files */ = {
			isa = PBXGroup;
			children = (
				5DAF90171AF403640068C264 /* Info.plist */,
			);
			name = "Supporting Files";
			sourceTree = "<group>";
		};
/* End PBXGroup section */

/* Begin PBXNativeTarget section */
		5DAF8FFA1AF403640068C264 /* inappragedemo */ = {
			isa = PBXNativeTarget;
			buildConfigurationList = 5DAF901C1AF403640068C264 /* Build configuration list for PBXNativeTarget "inappragedemo" */;
			buildPhases = (
				5DAF8FF71AF403640068C264 /* Sources */,
				5DAF8FF81AF403640068C264 /* Frameworks */,
				5DAF8FF91AF403640068C264 /* Resources */,
			);
			buildRules = (
			);
			dependencies = (
			);
			name = inappragedemo;
			productName = inappragedemo;
			productReference = 5DAF8FFB1AF403640068C264 /* inappragedemo.app */;
			productType = "com.apple.product-type.application";
		};
		5DAF90111AF403640068C264 /* inappragedemoTests */ = {
			isa = PBXNativeTarget;
			buildConfigurationList = 5DAF901F1AF403640068C264 /* Build configuration list for PBXNativeTarget "inappragedemoTests" */;
			buildPhases = (
				5DAF900E1AF403640068C264 /* Sources */,
				5DAF900F1AF403640068C264 /* Frameworks */,
				5DAF90101AF403640068C264 /* Resources */,
			);
			buildRules = (
			);
			dependencies = (
				5DAF90141AF403640068C264 /* PBXTargetDependency */,
			);
			name = inappragedemoTests;
			productName = inappragedemoTests;
			productReference = 5DAF90121AF403640068C264 /* inappragedemoTests.xctest */;
			productType = "com.apple.product-type.bundle.unit-test";
		};
/* End PBXNativeTarget section */

/* Begin PBXProject section */
		5DAF8FF31AF403640068C264 /* Project object */ = {
			isa = PBXProject;
			attributes = {
				LastSwiftMigration = 0720;
				LastSwiftUpdateCheck = 0720;
				LastUpgradeCheck = 0630;
				ORGANIZATIONNAME = "Razeware LLC";
				TargetAttributes = {
					5DAF8FFA1AF403640068C264 = {
						CreatedOnToolsVersion = 6.3.1;
					};
					5DAF90111AF403640068C264 = {
						CreatedOnToolsVersion = 6.3.1;
						TestTargetID = 5DAF8FFA1AF403640068C264;
					};
				};
			};
			buildConfigurationList = 5DAF8FF61AF403640068C264 /* Build configuration list for PBXProject "inappragedemo" */;
			compatibilityVersion = "Xcode 3.2";
			developmentRegion = English;
			hasScannedForEncodings = 0;
			knownRegions = (
				en,
				Base,
			);
			mainGroup = 5DAF8FF21AF403640068C264;
			productRefGroup = 5DAF8FFC1AF403640068C264 /* Products */;
			projectDirPath = "";
			projectRoot = "";
			targets = (
				5DAF8FFA1AF403640068C264 /* inappragedemo */,
				5DAF90111AF403640068C264 /* inappragedemoTests */,
			);
		};
/* End PBXProject section */

/* Begin PBXResourcesBuildPhase section */
		5DAF8FF91AF403640068C264 /* Resources */ = {
			isa = PBXResourcesBuildPhase;
			buildActionMask = 2147483647;
			files = (
				5DAF90081AF403640068C264 /* Main.storyboard in Resources */,
				5DAF902D1AF47CB90068C264 /* iphonerage.png in Resources */,
				5DAF902F1AF47CB90068C264 /* updog.png in Resources */,
				5DAF902C1AF47CB90068C264 /* girlfriendofdrummer.png in Resources */,
				5DAF902B1AF47CB90068C264 /* nightlyrage.png in Resources */,
				5DAF900D1AF403640068C264 /* LaunchScreen.xib in Resources */,
				5DAF900A1AF403640068C264 /* Images.xcassets in Resources */,
			);
			runOnlyForDeploymentPostprocessing = 0;
		};
		5DAF90101AF403640068C264 /* Resources */ = {
			isa = PBXResourcesBuildPhase;
			buildActionMask = 2147483647;
			files = (
			);
			runOnlyForDeploymentPostprocessing = 0;
		};
/* End PBXResourcesBuildPhase section */

/* Begin PBXSourcesBuildPhase section */
		5DAF8FF71AF403640068C264 /* Sources */ = {
			isa = PBXSourcesBuildPhase;
			buildActionMask = 2147483647;
			files = (
				5DAF90231AF42D0E0068C264 /* IAPHelper.swift in Sources */,
				5DAF90051AF403640068C264 /* DetailViewController.swift in Sources */,
				5DAF90031AF403640068C264 /* MasterViewController.swift in Sources */,
				5DAF90251AF43B930068C264 /* RageProducts.swift in Sources */,
				5DAF90011AF403640068C264 /* AppDelegate.swift in Sources */,
			);
			runOnlyForDeploymentPostprocessing = 0;
		};
		5DAF900E1AF403640068C264 /* Sources */ = {
			isa = PBXSourcesBuildPhase;
			buildActionMask = 2147483647;
			files = (
				5DAF90191AF403640068C264 /* inappragedemoTests.swift in Sources */,
			);
			runOnlyForDeploymentPostprocessing = 0;
		};
/* End PBXSourcesBuildPhase section */

/* Begin PBXTargetDependency section */
		5DAF90141AF403640068C264 /* PBXTargetDependency */ = {
			isa = PBXTargetDependency;
			target = 5DAF8FFA1AF403640068C264 /* inappragedemo */;
			targetProxy = 5DAF90131AF403640068C264 /* PBXContainerItemProxy */;
		};
/* End PBXTargetDependency section */

/* Begin PBXVariantGroup section */
		5DAF90061AF403640068C264 /* Main.storyboard */ = {
			isa = PBXVariantGroup;
			children = (
				5DAF90071AF403640068C264 /* Base */,
			);
			name = Main.storyboard;
			sourceTree = "<group>";
		};
		5DAF900B1AF403640068C264 /* LaunchScreen.xib */ = {
			isa = PBXVariantGroup;
			children = (
				5DAF900C1AF403640068C264 /* Base */,
			);
			name = LaunchScreen.xib;
			sourceTree = "<group>";
		};
/* End PBXVariantGroup section */

/* Begin XCBuildConfiguration section */
		5DAF901A1AF403640068C264 /* Debug */ = {
			isa = XCBuildConfiguration;
			buildSettings = {
				ALWAYS_SEARCH_USER_PATHS = NO;
				CLANG_CXX_LANGUAGE_STANDARD = "gnu++0x";
				CLANG_CXX_LIBRARY = "libc++";
				CLANG_ENABLE_MODULES = YES;
				CLANG_ENABLE_OBJC_ARC = YES;
				CLANG_WARN_BOOL_CONVERSION = YES;
				CLANG_WARN_CONSTANT_CONVERSION = YES;
				CLANG_WARN_DIRECT_OBJC_ISA_USAGE = YES_ERROR;
				CLANG_WARN_EMPTY_BODY = YES;
				CLANG_WARN_ENUM_CONVERSION = YES;
				CLANG_WARN_INT_CONVERSION = YES;
				CLANG_WARN_OBJC_ROOT_CLASS = YES_ERROR;
				CLANG_WARN_UNREACHABLE_CODE = YES;
				CLANG_WARN__DUPLICATE_METHOD_MATCH = YES;
				"CODE_SIGN_IDENTITY[sdk=iphoneos*]" = "iPhone Developer";
				COPY_PHASE_STRIP = NO;
				DEBUG_INFORMATION_FORMAT = "dwarf-with-dsym";
				ENABLE_STRICT_OBJC_MSGSEND = YES;
				GCC_C_LANGUAGE_STANDARD = gnu99;
				GCC_DYNAMIC_NO_PIC = NO;
				GCC_NO_COMMON_BLOCKS = YES;
				GCC_OPTIMIZATION_LEVEL = 0;
				GCC_PREPROCESSOR_DEFINITIONS = (
					"DEBUG=1",
					"$(inherited)",
				);
				GCC_SYMBOLS_PRIVATE_EXTERN = NO;
				GCC_WARN_64_TO_32_BIT_CONVERSION = YES;
				GCC_WARN_ABOUT_RETURN_TYPE = YES_ERROR;
				GCC_WARN_UNDECLARED_SELECTOR = YES;
				GCC_WARN_UNINITIALIZED_AUTOS = YES_AGGRESSIVE;
				GCC_WARN_UNUSED_FUNCTION = YES;
				GCC_WARN_UNUSED_VARIABLE = YES;
				IPHONEOS_DEPLOYMENT_TARGET = 8.3;
				MTL_ENABLE_DEBUG_INFO = YES;
				ONLY_ACTIVE_ARCH = YES;
				SDKROOT = iphoneos;
				SWIFT_OPTIMIZATION_LEVEL = "-Onone";
			};
			name = Debug;
		};
		5DAF901B1AF403640068C264 /* Release */ = {
			isa = XCBuildConfiguration;
			buildSettings = {
				ALWAYS_SEARCH_USER_PATHS = NO;
				CLANG_CXX_LANGUAGE_STANDARD = "gnu++0x";
				CLANG_CXX_LIBRARY = "libc++";
				CLANG_ENABLE_MODULES = YES;
				CLANG_ENABLE_OBJC_ARC = YES;
				CLANG_WARN_BOOL_CONVERSION = YES;
				CLANG_WARN_CONSTANT_CONVERSION = YES;
				CLANG_WARN_DIRECT_OBJC_ISA_USAGE = YES_ERROR;
				CLANG_WARN_EMPTY_BODY = YES;
				CLANG_WARN_ENUM_CONVERSION = YES;
				CLANG_WARN_INT_CONVERSION = YES;
				CLANG_WARN_OBJC_ROOT_CLASS = YES_ERROR;
				CLANG_WARN_UNREACHABLE_CODE = YES;
				CLANG_WARN__DUPLICATE_METHOD_MATCH = YES;
				"CODE_SIGN_IDENTITY[sdk=iphoneos*]" = "iPhone Developer";
				COPY_PHASE_STRIP = NO;
				DEBUG_INFORMATION_FORMAT = "dwarf-with-dsym";
				ENABLE_NS_ASSERTIONS = NO;
				ENABLE_STRICT_OBJC_MSGSEND = YES;
				GCC_C_LANGUAGE_STANDARD = gnu99;
				GCC_NO_COMMON_BLOCKS = YES;
				GCC_WARN_64_TO_32_BIT_CONVERSION = YES;
				GCC_WARN_ABOUT_RETURN_TYPE = YES_ERROR;
				GCC_WARN_UNDECLARED_SELECTOR = YES;
				GCC_WARN_UNINITIALIZED_AUTOS = YES_AGGRESSIVE;
				GCC_WARN_UNUSED_FUNCTION = YES;
				GCC_WARN_UNUSED_VARIABLE = YES;
				IPHONEOS_DEPLOYMENT_TARGET = 8.3;
				MTL_ENABLE_DEBUG_INFO = NO;
				SDKROOT = iphoneos;
				VALIDATE_PRODUCT = YES;
			};
			name = Release;
		};
		5DAF901D1AF403640068C264 /* Debug */ = {
			isa = XCBuildConfiguration;
			buildSettings = {
				ASSETCATALOG_COMPILER_APPICON_NAME = AppIcon;
				INFOPLIST_FILE = inappragedemo/Info.plist;
				LD_RUNPATH_SEARCH_PATHS = "$(inherited) @executable_path/Frameworks";
				PRODUCT_BUNDLE_IDENTIFIER = com.ninnyworks.rageapp;
				PRODUCT_NAME = "$(TARGET_NAME)";
			};
			name = Debug;
		};
		5DAF901E1AF403640068C264 /* Release */ = {
			isa = XCBuildConfiguration;
			buildSettings = {
				ASSETCATALOG_COMPILER_APPICON_NAME = AppIcon;
				INFOPLIST_FILE = inappragedemo/Info.plist;
				LD_RUNPATH_SEARCH_PATHS = "$(inherited) @executable_path/Frameworks";
				PRODUCT_BUNDLE_IDENTIFIER = com.ninnyworks.rageapp;
				PRODUCT_NAME = "$(TARGET_NAME)";
			};
			name = Release;
		};
		5DAF90201AF403640068C264 /* Debug */ = {
			isa = XCBuildConfiguration;
			buildSettings = {
				BUNDLE_LOADER = "$(TEST_HOST)";
				FRAMEWORK_SEARCH_PATHS = (
					"$(SDKROOT)/Developer/Library/Frameworks",
					"$(inherited)",
				);
				GCC_PREPROCESSOR_DEFINITIONS = (
					"DEBUG=1",
					"$(inherited)",
				);
				INFOPLIST_FILE = inappragedemoTests/Info.plist;
				LD_RUNPATH_SEARCH_PATHS = "$(inherited) @executable_path/Frameworks @loader_path/Frameworks";
				PRODUCT_NAME = "$(TARGET_NAME)";
				TEST_HOST = "$(BUILT_PRODUCTS_DIR)/inappragedemo.app/inappragedemo";
			};
			name = Debug;
		};
		5DAF90211AF403640068C264 /* Release */ = {
			isa = XCBuildConfiguration;
			buildSettings = {
				BUNDLE_LOADER = "$(TEST_HOST)";
				FRAMEWORK_SEARCH_PATHS = (
					"$(SDKROOT)/Developer/Library/Frameworks",
					"$(inherited)",
				);
				INFOPLIST_FILE = inappragedemoTests/Info.plist;
				LD_RUNPATH_SEARCH_PATHS = "$(inherited) @executable_path/Frameworks @loader_path/Frameworks";
				PRODUCT_NAME = "$(TARGET_NAME)";
				TEST_HOST = "$(BUILT_PRODUCTS_DIR)/inappragedemo.app/inappragedemo";
			};
			name = Release;
		};
/* End XCBuildConfiguration section */

/* Begin XCConfigurationList section */
		5DAF8FF61AF403640068C264 /* Build configuration list for PBXProject "inappragedemo" */ = {
			isa = XCConfigurationList;
			buildConfigurations = (
				5DAF901A1AF403640068C264 /* Debug */,
				5DAF901B1AF403640068C264 /* Release */,
			);
			defaultConfigurationIsVisible = 0;
			defaultConfigurationName = Release;
		};
		5DAF901C1AF403640068C264 /* Build configuration list for PBXNativeTarget "inappragedemo" */ = {
			isa = XCConfigurationList;
			buildConfigurations = (
				5DAF901D1AF403640068C264 /* Debug */,
				5DAF901E1AF403640068C264 /* Release */,
			);
			defaultConfigurationIsVisible = 0;
			defaultConfigurationName = Release;
		};
		5DAF901F1AF403640068C264 /* Build configuration list for PBXNativeTarget "inappragedemoTests" */ = {
			isa = XCConfigurationList;
			buildConfigurations = (
				5DAF90201AF403640068C264 /* Debug */,
				5DAF90211AF403640068C264 /* Release */,
			);
			defaultConfigurationIsVisible = 0;
			defaultConfigurationName = Release;
		};
/* End XCConfigurationList section */
	};
	rootObject = 5DAF8FF31AF403640068C264 /* Project object */;
}
